
Microsoft Visual Studio Solution File, Format Version 12.00
# Visual Studio Version 17
VisualStudioVersion = 17.4.33205.214
MinimumVisualStudioVersion = 10.0.40219.1
Project("{FAE04EC0-301F-11D3-BF4B-00C04F79EFBC}") = "Go2Hotel", "Go2Hotel\Go2Hotel.csproj", "{29CB9234-6CAC-4864-BA21-4084ACBE42CF}"
EndProject
Global
	GlobalSection(SolutionConfigurationPlatforms) = preSolution
		Debug|Any CPU = Debug|Any CPU
		Release|Any CPU = Release|Any CPU
	EndGlobalSection
	GlobalSection(ProjectConfigurationPlatforms) = postSolution
		{29CB9234-6CAC-4864-BA21-4084ACBE42CF}.Debug|Any CPU.ActiveCfg = Debug|Any CPU
		{29CB9234-6CAC-4864-BA21-4084ACBE42CF}.Debug|Any CPU.Build.0 = Debug|Any CPU
		{29CB9234-6CAC-4864-BA21-4084ACBE42CF}.Release|Any CPU.ActiveCfg = Release|Any CPU
		{29CB9234-6CAC-4864-BA21-4084ACBE42CF}.Release|Any CPU.Build.0 = Release|Any CPU
	EndGlobalSection
	GlobalSection(SolutionProperties) = preSolution
		HideSolutionNode = FALSE
	EndGlobalSection
	GlobalSection(ExtensibilityGlobals) = postSolution
		SolutionGuid = {78B4A91D-C9A8-4E8B-93CB-0D32FB420673}
	EndGlobalSection
EndGlobal
